{
  "name": "cse110lab9",
  "lockfileVersion": 3,
  "requires": true,
  "packages": {
    "": {
      "dependencies": {
        "trackjs": "^3.10.4"
      }
    },
    "node_modules/trackjs": {
      "version": "3.10.4",
      "resolved": "https://registry.npmjs.org/trackjs/-/trackjs-3.10.4.tgz",
      "integrity": "sha512-coQkj9d7OjPmrLKj4MeLvf1U5vPD9QfXMpqVghhKnF++BlFOkA9t64ry0Usqt+8dk1tunZ9DQ5IVKLYi+3H8+w=="
    }
  }
}
